
Microsoft Visual Studio Solution File, Format Version 12.00
# Visual Studio Version 17
VisualStudioVersion = 17.14.36705.20 d17.14
MinimumVisualStudioVersion = 10.0.40219.1
Project("{FAE04EC0-301F-11D3-BF4B-00C04F79EFBC}") = "Inventory & Sales Management System", "Inventory & Sales Management System\Inventory & Sales Management System.csproj", "{C3E4616D-9D99-460C-8717-17C624C24349}"
EndProject
Project("{FAE04EC0-301F-11D3-BF4B-00C04F79EFBC}") = "BussenessAccesses", "Busseness\BussenessAccesses.csproj", "{8FB507C0-36F2-4BBC-B70C-2773F6E863CC}"
EndProject
Project("{FAE04EC0-301F-11D3-BF4B-00C04F79EFBC}") = "DataAccesses", "Data\DataAccesses.csproj", "{D26FAD86-40CA-41F0-BCA3-7609DBDFDBCC}"
EndProject
Global
	GlobalSection(SolutionConfigurationPlatforms) = preSolution
		Debug|Any CPU = Debug|Any CPU
		Release|Any CPU = Release|Any CPU
	EndGlobalSection
	GlobalSection(ProjectConfigurationPlatforms) = postSolution
		{C3E4616D-9D99-460C-8717-17C624C24349}.Debug|Any CPU.ActiveCfg = Debug|Any CPU
		{C3E4616D-9D99-460C-8717-17C624C24349}.Debug|Any CPU.Build.0 = Debug|Any CPU
		{C3E4616D-9D99-460C-8717-17C624C24349}.Release|Any CPU.ActiveCfg = Release|Any CPU
		{C3E4616D-9D99-460C-8717-17C624C24349}.Release|Any CPU.Build.0 = Release|Any CPU
		{8FB507C0-36F2-4BBC-B70C-2773F6E863CC}.Debug|Any CPU.ActiveCfg = Debug|Any CPU
		{8FB507C0-36F2-4BBC-B70C-2773F6E863CC}.Debug|Any CPU.Build.0 = Debug|Any CPU
		{8FB507C0-36F2-4BBC-B70C-2773F6E863CC}.Release|Any CPU.ActiveCfg = Release|Any CPU
		{8FB507C0-36F2-4BBC-B70C-2773F6E863CC}.Release|Any CPU.Build.0 = Release|Any CPU
		{D26FAD86-40CA-41F0-BCA3-7609DBDFDBCC}.Debug|Any CPU.ActiveCfg = Debug|Any CPU
		{D26FAD86-40CA-41F0-BCA3-7609DBDFDBCC}.Debug|Any CPU.Build.0 = Debug|Any CPU
		{D26FAD86-40CA-41F0-BCA3-7609DBDFDBCC}.Release|Any CPU.ActiveCfg = Release|Any CPU
		{D26FAD86-40CA-41F0-BCA3-7609DBDFDBCC}.Release|Any CPU.Build.0 = Release|Any CPU
	EndGlobalSection
	GlobalSection(SolutionProperties) = preSolution
		HideSolutionNode = FALSE
	EndGlobalSection
	GlobalSection(ExtensibilityGlobals) = postSolution
		SolutionGuid = {C8C79354-BD7B-4BCF-B091-FEF089BF38AE}
	EndGlobalSection
EndGlobal
